
Microsoft Visual Studio Solution File, Format Version 12.00
# Visual Studio 15
Project("{FAE04EC0-301F-11D3-BF4B-00C04F79EFBC}") = "Movie", "Movie\Movie.csproj", "{01CF9C88-ED1D-4AC6-9B4A-60A85628B7E9}"
EndProject
Project("{FAE04EC0-301F-11D3-BF4B-00C04F79EFBC}") = "Movie.Tests", "Movie.Tests\Movie.Tests.csproj", "{557A0382-0396-4528-BCC2-FFDFF0F8EB0A}"
EndProject
Global
	GlobalSection(SolutionConfigurationPlatforms) = preSolution
		Debug|Any CPU = Debug|Any CPU
		Release|Any CPU = Release|Any CPU
	EndGlobalSection
	GlobalSection(ProjectConfigurationPlatforms) = postSolution
		{01CF9C88-ED1D-4AC6-9B4A-60A85628B7E9}.Debug|Any CPU.ActiveCfg = Debug|Any CPU
		{01CF9C88-ED1D-4AC6-9B4A-60A85628B7E9}.Debug|Any CPU.Build.0 = Debug|Any CPU
		{01CF9C88-ED1D-4AC6-9B4A-60A85628B7E9}.Release|Any CPU.ActiveCfg = Release|Any CPU
		{01CF9C88-ED1D-4AC6-9B4A-60A85628B7E9}.Release|Any CPU.Build.0 = Release|Any CPU
		{557A0382-0396-4528-BCC2-FFDFF0F8EB0A}.Debug|Any CPU.ActiveCfg = Debug|Any CPU
		{557A0382-0396-4528-BCC2-FFDFF0F8EB0A}.Debug|Any CPU.Build.0 = Debug|Any CPU
		{557A0382-0396-4528-BCC2-FFDFF0F8EB0A}.Release|Any CPU.ActiveCfg = Release|Any CPU
		{557A0382-0396-4528-BCC2-FFDFF0F8EB0A}.Release|Any CPU.Build.0 = Release|Any CPU
	EndGlobalSection
EndGlobal
